
Microsoft Visual Studio Solution File, Format Version 12.00
# Visual Studio 15
VisualStudioVersion = 15.0.28307.1169
MinimumVisualStudioVersion = 10.0.40219.1
Project("{E24C65DC-7377-472B-9ABA-BC803B73C61A}") = "robot", "robot\", "{C14978AC-AF82-4009-BE90-9EB947B15F3C}"
	ProjectSection(WebsiteProperties) = preProject
		TargetFrameworkMoniker = ".NETFramework,Version%3Dv4.6.1"
		Debug.AspNetCompiler.VirtualPath = "/localhost_53270"
		Debug.AspNetCompiler.PhysicalPath = "robot\"
		Debug.AspNetCompiler.TargetPath = "PrecompiledWeb\localhost_53270\"
		Debug.AspNetCompiler.Updateable = "true"
		Debug.AspNetCompiler.ForceOverwrite = "true"
		Debug.AspNetCompiler.FixedNames = "false"
		Debug.AspNetCompiler.Debug = "True"
		Release.AspNetCompiler.VirtualPath = "/localhost_53270"
		Release.AspNetCompiler.PhysicalPath = "robot\"
		Release.AspNetCompiler.TargetPath = "PrecompiledWeb\localhost_53270\"
		Release.AspNetCompiler.Updateable = "true"
		Release.AspNetCompiler.ForceOverwrite = "true"
		Release.AspNetCompiler.FixedNames = "false"
		Release.AspNetCompiler.Debug = "False"
		VWDPort = "53270"
		SlnRelativePath = "robot\"
		DefaultWebSiteLanguage = "Visual C#"
	EndProjectSection
EndProject
Global
	GlobalSection(SolutionConfigurationPlatforms) = preSolution
		Debug|Any CPU = Debug|Any CPU
	EndGlobalSection
	GlobalSection(ProjectConfigurationPlatforms) = postSolution
		{C14978AC-AF82-4009-BE90-9EB947B15F3C}.Debug|Any CPU.ActiveCfg = Debug|Any CPU
		{C14978AC-AF82-4009-BE90-9EB947B15F3C}.Debug|Any CPU.Build.0 = Debug|Any CPU
	EndGlobalSection
	GlobalSection(SolutionProperties) = preSolution
		HideSolutionNode = FALSE
	EndGlobalSection
	GlobalSection(ExtensibilityGlobals) = postSolution
		SolutionGuid = {3FF02860-535A-4AE5-AA9B-AB7B468F0510}
	EndGlobalSection
EndGlobal
